
Microsoft Visual Studio Solution File, Format Version 12.00
# Visual Studio Version 17
VisualStudioVersion = 17.8.34408.163
MinimumVisualStudioVersion = 10.0.40219.1
Project("{9A19103F-16F7-4668-BE54-9A1E7A4F7556}") = "BlogAPI", "BlogAPI.csproj", "{4146E933-3B2F-4596-86FF-FEFA3F654BE2}"
EndProject
Project("{9A19103F-16F7-4668-BE54-9A1E7A4F7556}") = "BlogAPI.BusinessLogic", "..\BlogAPI.BusinessLogic\BlogAPI.BusinessLogic.csproj", "{13BBA358-80F6-4854-8E32-68C3EACB95CF}"
EndProject
Project("{9A19103F-16F7-4668-BE54-9A1E7A4F7556}") = "BlogAPI.UnitTests", "..\BlogAPI.UnitTests\BlogAPI.UnitTests.csproj", "{BDA0ED13-57AD-401E-8FCE-7D4E57E77EF2}"
EndProject
Project("{FAE04EC0-301F-11D3-BF4B-00C04F79EFBC}") = "BlogAPI.IntegrationTests", "..\BlogAPI.IntegrationTests\BlogAPI.IntegrationTests.csproj", "{B1EB672E-7B33-487C-B083-B4F718CC572F}"
EndProject
Global
	GlobalSection(SolutionConfigurationPlatforms) = preSolution
		Debug|Any CPU = Debug|Any CPU
		Release|Any CPU = Release|Any CPU
	EndGlobalSection
	GlobalSection(ProjectConfigurationPlatforms) = postSolution
		{4146E933-3B2F-4596-86FF-FEFA3F654BE2}.Debug|Any CPU.ActiveCfg = Debug|Any CPU
		{4146E933-3B2F-4596-86FF-FEFA3F654BE2}.Debug|Any CPU.Build.0 = Debug|Any CPU
		{4146E933-3B2F-4596-86FF-FEFA3F654BE2}.Release|Any CPU.ActiveCfg = Release|Any CPU
		{4146E933-3B2F-4596-86FF-FEFA3F654BE2}.Release|Any CPU.Build.0 = Release|Any CPU
		{13BBA358-80F6-4854-8E32-68C3EACB95CF}.Debug|Any CPU.ActiveCfg = Debug|Any CPU
		{13BBA358-80F6-4854-8E32-68C3EACB95CF}.Debug|Any CPU.Build.0 = Debug|Any CPU
		{13BBA358-80F6-4854-8E32-68C3EACB95CF}.Release|Any CPU.ActiveCfg = Release|Any CPU
		{13BBA358-80F6-4854-8E32-68C3EACB95CF}.Release|Any CPU.Build.0 = Release|Any CPU
		{BDA0ED13-57AD-401E-8FCE-7D4E57E77EF2}.Debug|Any CPU.ActiveCfg = Debug|Any CPU
		{BDA0ED13-57AD-401E-8FCE-7D4E57E77EF2}.Debug|Any CPU.Build.0 = Debug|Any CPU
		{BDA0ED13-57AD-401E-8FCE-7D4E57E77EF2}.Release|Any CPU.ActiveCfg = Release|Any CPU
		{BDA0ED13-57AD-401E-8FCE-7D4E57E77EF2}.Release|Any CPU.Build.0 = Release|Any CPU
		{B1EB672E-7B33-487C-B083-B4F718CC572F}.Debug|Any CPU.ActiveCfg = Debug|Any CPU
		{B1EB672E-7B33-487C-B083-B4F718CC572F}.Debug|Any CPU.Build.0 = Debug|Any CPU
		{B1EB672E-7B33-487C-B083-B4F718CC572F}.Release|Any CPU.ActiveCfg = Release|Any CPU
		{B1EB672E-7B33-487C-B083-B4F718CC572F}.Release|Any CPU.Build.0 = Release|Any CPU
	EndGlobalSection
	GlobalSection(SolutionProperties) = preSolution
		HideSolutionNode = FALSE
	EndGlobalSection
	GlobalSection(ExtensibilityGlobals) = postSolution
		SolutionGuid = {200C2AA3-2D6C-47F1-B88B-1A9070EB10EA}
	EndGlobalSection
EndGlobal
